// !$*UTF8*$!
{
	archiveVersion = 1;
	classes = {
	};
	objectVersion = 50;
	objects = {

/* Begin PBXBuildFile section */
		61723F3024A53D1900B3BA75 /* AppDelegate.m in Sources */ = {isa = PBXBuildFile; fileRef = 61723F2F24A53D1900B3BA75 /* AppDelegate.m */; };
		61723F3324A53D1900B3BA75 /* SceneDelegate.m in Sources */ = {isa = PBXBuildFile; fileRef = 61723F3224A53D1900B3BA75 /* SceneDelegate.m */; };
		61723F3924A53D1900B3BA75 /* Main.storyboard in Resources */ = {isa = PBXBuildFile; fileRef = 61723F3724A53D1900B3BA75 /* Main.storyboard */; };
		61723F3B24A53D1A00B3BA75 /* Assets.xcassets in Resources */ = {isa = PBXBuildFile; fileRef = 61723F3A24A53D1A00B3BA75 /* Assets.xcassets */; };
		61723F3E24A53D1A00B3BA75 /* LaunchScreen.storyboard in Resources */ = {isa = PBXBuildFile; fileRef = 61723F3C24A53D1A00B3BA75 /* LaunchScreen.storyboard */; };
		61723F4124A53D1A00B3BA75 /* main.m in Sources */ = {isa = PBXBuildFile; fileRef = 61723F4024A53D1A00B3BA75 /* main.m */; };
		61723F4F24A53ECC00B3BA75 /* DVMPerson.m in Sources */ = {isa = PBXBuildFile; fileRef = 61723F4E24A53ECC00B3BA75 /* DVMPerson.m */; };
		61723F5224A5436600B3BA75 /* DVMPersonController.m in Sources */ = {isa = PBXBuildFile; fileRef = 61723F5124A5436600B3BA75 /* DVMPersonController.m */; };
		61723F5524A54C9800B3BA75 /* DVMViewController.swift in Sources */ = {isa = PBXBuildFile; fileRef = 61723F5424A54C9800B3BA75 /* DVMViewController.swift */; };
/* End PBXBuildFile section */

/* Begin PBXFileReference section */
		61723F2B24A53D1900B3BA75 /* SWAPI-OBJC.app */ = {isa = PBXFileReference; explicitFileType = wrapper.application; includeInIndex = 0; path = "SWAPI-OBJC.app"; sourceTree = BUILT_PRODUCTS_DIR; };
		61723F2E24A53D1900B3BA75 /* AppDelegate.h */ = {isa = PBXFileReference; lastKnownFileType = sourcecode.c.h; path = AppDelegate.h; sourceTree = "<group>"; };
		61723F2F24A53D1900B3BA75 /* AppDelegate.m */ = {isa = PBXFileReference; lastKnownFileType = sourcecode.c.objc; path = AppDelegate.m; sourceTree = "<group>"; };
		61723F3124A53D1900B3BA75 /* SceneDelegate.h */ = {isa = PBXFileReference; lastKnownFileType = sourcecode.c.h; path = SceneDelegate.h; sourceTree = "<group>"; };
		61723F3224A53D1900B3BA75 /* SceneDelegate.m */ = {isa = PBXFileReference; lastKnownFileType = sourcecode.c.objc; path = SceneDelegate.m; sourceTree = "<group>"; };
		61723F3824A53D1900B3BA75 /* Base */ = {isa = PBXFileReference; lastKnownFileType = file.storyboard; name = Base; path = Base.lproj/Main.storyboard; sourceTree = "<group>"; };
		61723F3A24A53D1A00B3BA75 /* Assets.xcassets */ = {isa = PBXFileReference; lastKnownFileType = folder.assetcatalog; path = Assets.xcassets; sourceTree = "<group>"; };
		61723F3D24A53D1A00B3BA75 /* Base */ = {isa = PBXFileReference; lastKnownFileType = file.storyboard; name = Base; path = Base.lproj/LaunchScreen.storyboard; sourceTree = "<group>"; };
		61723F3F24A53D1A00B3BA75 /* Info.plist */ = {isa = PBXFileReference; lastKnownFileType = text.plist.xml; path = Info.plist; sourceTree = "<group>"; };
		61723F4024A53D1A00B3BA75 /* main.m */ = {isa = PBXFileReference; lastKnownFileType = sourcecode.c.objc; path = main.m; sourceTree = "<group>"; };
		61723F4D24A53ECC00B3BA75 /* DVMPerson.h */ = {isa = PBXFileReference; lastKnownFileType = sourcecode.c.h; path = DVMPerson.h; sourceTree = "<group>"; };
		61723F4E24A53ECC00B3BA75 /* DVMPerson.m */ = {isa = PBXFileReference; lastKnownFileType = sourcecode.c.objc; path = DVMPerson.m; sourceTree = "<group>"; };
		61723F5024A5436600B3BA75 /* DVMPersonController.h */ = {isa = PBXFileReference; lastKnownFileType = sourcecode.c.h; path = DVMPersonController.h; sourceTree = "<group>"; };
		61723F5124A5436600B3BA75 /* DVMPersonController.m */ = {isa = PBXFileReference; lastKnownFileType = sourcecode.c.objc; path = DVMPersonController.m; sourceTree = "<group>"; };
		61723F5324A54C9800B3BA75 /* SWAPI-OBJC-Bridging-Header.h */ = {isa = PBXFileReference; lastKnownFileType = sourcecode.c.h; path = "SWAPI-OBJC-Bridging-Header.h"; sourceTree = "<group>"; };
		61723F5424A54C9800B3BA75 /* DVMViewController.swift */ = {isa = PBXFileReference; lastKnownFileType = sourcecode.swift; path = DVMViewController.swift; sourceTree = "<group>"; };
/* End PBXFileReference section */

/* Begin PBXFrameworksBuildPhase section */
		61723F2824A53D1900B3BA75 /* Frameworks */ = {
			isa = PBXFrameworksBuildPhase;
			buildActionMask = 2147483647;
			files = (
			);
			runOnlyForDeploymentPostprocessing = 0;
		};
/* End PBXFrameworksBuildPhase section */

/* Begin PBXGroup section */
		61723F2224A53D1900B3BA75 = {
			isa = PBXGroup;
			children = (
				61723F2D24A53D1900B3BA75 /* SWAPI-OBJC */,
				61723F2C24A53D1900B3BA75 /* Products */,
			);
			sourceTree = "<group>";
		};
		61723F2C24A53D1900B3BA75 /* Products */ = {
			isa = PBXGroup;
			children = (
				61723F2B24A53D1900B3BA75 /* SWAPI-OBJC.app */,
			);
			name = Products;
			sourceTree = "<group>";
		};
		61723F2D24A53D1900B3BA75 /* SWAPI-OBJC */ = {
			isa = PBXGroup;
			children = (
				61723F4A24A53DCF00B3BA75 /* Model */,
				61723F4924A53DC900B3BA75 /* Controllers */,
				61723F4824A53DC300B3BA75 /* View */,
				61723F4724A53DAE00B3BA75 /* Resources */,
				61723F3724A53D1900B3BA75 /* Main.storyboard */,
			);
			path = "SWAPI-OBJC";
			sourceTree = "<group>";
		};
		61723F4724A53DAE00B3BA75 /* Resources */ = {
			isa = PBXGroup;
			children = (
				61723F2E24A53D1900B3BA75 /* AppDelegate.h */,
				61723F2F24A53D1900B3BA75 /* AppDelegate.m */,
				61723F3124A53D1900B3BA75 /* SceneDelegate.h */,
				61723F3224A53D1900B3BA75 /* SceneDelegate.m */,
				61723F3A24A53D1A00B3BA75 /* Assets.xcassets */,
				61723F3C24A53D1A00B3BA75 /* LaunchScreen.storyboard */,
				61723F3F24A53D1A00B3BA75 /* Info.plist */,
				61723F4024A53D1A00B3BA75 /* main.m */,
			);
			path = Resources;
			sourceTree = "<group>";
		};
		61723F4824A53DC300B3BA75 /* View */ = {
			isa = PBXGroup;
			children = (
			);
			path = View;
			sourceTree = "<group>";
		};
		61723F4924A53DC900B3BA75 /* Controllers */ = {
			isa = PBXGroup;
			children = (
				61723F4C24A53DDD00B3BA75 /* Model Controllers */,
				61723F4B24A53DD600B3BA75 /* View Controllers */,
			);
			path = Controllers;
			sourceTree = "<group>";
		};
		61723F4A24A53DCF00B3BA75 /* Model */ = {
			isa = PBXGroup;
			children = (
				61723F4D24A53ECC00B3BA75 /* DVMPerson.h */,
				61723F4E24A53ECC00B3BA75 /* DVMPerson.m */,
			);
			path = Model;
			sourceTree = "<group>";
		};
		61723F4B24A53DD600B3BA75 /* View Controllers */ = {
			isa = PBXGroup;
			children = (
				61723F5424A54C9800B3BA75 /* DVMViewController.swift */,
				61723F5324A54C9800B3BA75 /* SWAPI-OBJC-Bridging-Header.h */,
			);
			path = "View Controllers";
			sourceTree = "<group>";
		};
		61723F4C24A53DDD00B3BA75 /* Model Controllers */ = {
			isa = PBXGroup;
			children = (
				61723F5024A5436600B3BA75 /* DVMPersonController.h */,
				61723F5124A5436600B3BA75 /* DVMPersonController.m */,
			);
			path = "Model Controllers";
			sourceTree = "<group>";
		};
/* End PBXGroup section */

/* Begin PBXNativeTarget section */
		61723F2A24A53D1900B3BA75 /* SWAPI-OBJC */ = {
			isa = PBXNativeTarget;
			buildConfigurationList = 61723F4424A53D1A00B3BA75 /* Build configuration list for PBXNativeTarget "SWAPI-OBJC" */;
			buildPhases = (
				61723F2724A53D1900B3BA75 /* Sources */,
				61723F2824A53D1900B3BA75 /* Frameworks */,
				61723F2924A53D1900B3BA75 /* Resources */,
			);
			buildRules = (
			);
			dependencies = (
			);
			name = "SWAPI-OBJC";
			productName = "SWAPI-OBJC";
			productReference = 61723F2B24A53D1900B3BA75 /* SWAPI-OBJC.app */;
			productType = "com.apple.product-type.application";
		};
/* End PBXNativeTarget section */

/* Begin PBXProject section */
		61723F2324A53D1900B3BA75 /* Project object */ = {
			isa = PBXProject;
			attributes = {
				CLASSPREFIX = DVM;
				LastUpgradeCheck = 1150;
				ORGANIZATIONNAME = "Hunter McNeil";
				TargetAttributes = {
					61723F2A24A53D1900B3BA75 = {
						CreatedOnToolsVersion = 11.5;
						LastSwiftMigration = 1150;
					};
				};
			};
			buildConfigurationList = 61723F2624A53D1900B3BA75 /* Build configuration list for PBXProject "SWAPI-OBJC" */;
			compatibilityVersion = "Xcode 9.3";
			developmentRegion = en;
			hasScannedForEncodings = 0;
			knownRegions = (
				en,
				Base,
			);
			mainGroup = 61723F2224A53D1900B3BA75;
			productRefGroup = 61723F2C24A53D1900B3BA75 /* Products */;
			projectDirPath = "";
			projectRoot = "";
			targets = (
				61723F2A24A53D1900B3BA75 /* SWAPI-OBJC */,
			);
		};
/* End PBXProject section */

/* Begin PBXResourcesBuildPhase section */
		61723F2924A53D1900B3BA75 /* Resources */ = {
			isa = PBXResourcesBuildPhase;
			buildActionMask = 2147483647;
			files = (
				61723F3E24A53D1A00B3BA75 /* LaunchScreen.storyboard in Resources */,
				61723F3B24A53D1A00B3BA75 /* Assets.xcassets in Resources */,
				61723F3924A53D1900B3BA75 /* Main.storyboard in Resources */,
			);
			runOnlyForDeploymentPostprocessing = 0;
		};
/* End PBXResourcesBuildPhase section */

/* Begin PBXSourcesBuildPhase section */
		61723F2724A53D1900B3BA75 /* Sources */ = {
			isa = PBXSourcesBuildPhase;
			buildActionMask = 2147483647;
			files = (
				61723F4F24A53ECC00B3BA75 /* DVMPerson.m in Sources */,
				61723F3024A53D1900B3BA75 /* AppDelegate.m in Sources */,
				61723F4124A53D1A00B3BA75 /* main.m in Sources */,
				61723F5224A5436600B3BA75 /* DVMPersonController.m in Sources */,
				61723F5524A54C9800B3BA75 /* DVMViewController.swift in Sources */,
				61723F3324A53D1900B3BA75 /* SceneDelegate.m in Sources */,
			);
			runOnlyForDeploymentPostprocessing = 0;
		};
/* End PBXSourcesBuildPhase section */

/* Begin PBXVariantGroup section */
		61723F3724A53D1900B3BA75 /* Main.storyboard */ = {
			isa = PBXVariantGroup;
			children = (
				61723F3824A53D1900B3BA75 /* Base */,
			);
			name = Main.storyboard;
			sourceTree = "<group>";
		};
		61723F3C24A53D1A00B3BA75 /* LaunchScreen.storyboard */ = {
			isa = PBXVariantGroup;
			children = (
				61723F3D24A53D1A00B3BA75 /* Base */,
			);
			name = LaunchScreen.storyboard;
			sourceTree = "<group>";
		};
/* End PBXVariantGroup section */

/* Begin XCBuildConfiguration section */
		61723F4224A53D1A00B3BA75 /* Debug */ = {
			isa = XCBuildConfiguration;
			buildSettings = {
				ALWAYS_SEARCH_USER_PATHS = NO;
				CLANG_ANALYZER_NONNULL = YES;
				CLANG_ANALYZER_NUMBER_OBJECT_CONVERSION = YES_AGGRESSIVE;
				CLANG_CXX_LANGUAGE_STANDARD = "gnu++14";
				CLANG_CXX_LIBRARY = "libc++";
				CLANG_ENABLE_MODULES = YES;
				CLANG_ENABLE_OBJC_ARC = YES;
				CLANG_ENABLE_OBJC_WEAK = YES;
				CLANG_WARN_BLOCK_CAPTURE_AUTORELEASING = YES;
				CLANG_WARN_BOOL_CONVERSION = YES;
				CLANG_WARN_COMMA = YES;
				CLANG_WARN_CONSTANT_CONVERSION = YES;
				CLANG_WARN_DEPRECATED_OBJC_IMPLEMENTATIONS = YES;
				CLANG_WARN_DIRECT_OBJC_ISA_USAGE = YES_ERROR;
				CLANG_WARN_DOCUMENTATION_COMMENTS = YES;
				CLANG_WARN_EMPTY_BODY = YES;
				CLANG_WARN_ENUM_CONVERSION = YES;
				CLANG_WARN_INFINITE_RECURSION = YES;
				CLANG_WARN_INT_CONVERSION = YES;
				CLANG_WARN_NON_LITERAL_NULL_CONVERSION = YES;
				CLANG_WARN_OBJC_IMPLICIT_RETAIN_SELF = YES;
				CLANG_WARN_OBJC_LITERAL_CONVERSION = YES;
				CLANG_WARN_OBJC_ROOT_CLASS = YES_ERROR;
				CLANG_WARN_RANGE_LOOP_ANALYSIS = YES;
				CLANG_WARN_STRICT_PROTOTYPES = YES;
				CLANG_WARN_SUSPICIOUS_MOVE = YES;
				CLANG_WARN_UNGUARDED_AVAILABILITY = YES_AGGRESSIVE;
				CLANG_WARN_UNREACHABLE_CODE = YES;
				CLANG_WARN__DUPLICATE_METHOD_MATCH = YES;
				COPY_PHASE_STRIP = NO;
				DEBUG_INFORMATION_FORMAT = dwarf;
				ENABLE_STRICT_OBJC_MSGSEND = YES;
				ENABLE_TESTABILITY = YES;
				GCC_C_LANGUAGE_STANDARD = gnu11;
				GCC_DYNAMIC_NO_PIC = NO;
				GCC_NO_COMMON_BLOCKS = YES;
				GCC_OPTIMIZATION_LEVEL = 0;
				GCC_PREPROCESSOR_DEFINITIONS = (
					"DEBUG=1",
					"$(inherited)",
				);
				GCC_WARN_64_TO_32_BIT_CONVERSION = YES;
				GCC_WARN_ABOUT_RETURN_TYPE = YES_ERROR;
				GCC_WARN_UNDECLARED_SELECTOR = YES;
				GCC_WARN_UNINITIALIZED_AUTOS = YES_AGGRESSIVE;
				GCC_WARN_UNUSED_FUNCTION = YES;
				GCC_WARN_UNUSED_VARIABLE = YES;
				IPHONEOS_DEPLOYMENT_TARGET = 13.5;
				MTL_ENABLE_DEBUG_INFO = INCLUDE_SOURCE;
				MTL_FAST_MATH = YES;
				ONLY_ACTIVE_ARCH = YES;
				SDKROOT = iphoneos;
			};
			name = Debug;
		};
		61723F4324A53D1A00B3BA75 /* Release */ = {
			isa = XCBuildConfiguration;
			buildSettings = {
				ALWAYS_SEARCH_USER_PATHS = NO;
				CLANG_ANALYZER_NONNULL = YES;
				CLANG_ANALYZER_NUMBER_OBJECT_CONVERSION = YES_AGGRESSIVE;
				CLANG_CXX_LANGUAGE_STANDARD = "gnu++14";
				CLANG_CXX_LIBRARY = "libc++";
				CLANG_ENABLE_MODULES = YES;
				CLANG_ENABLE_OBJC_ARC = YES;
				CLANG_ENABLE_OBJC_WEAK = YES;
				CLANG_WARN_BLOCK_CAPTURE_AUTORELEASING = YES;
				CLANG_WARN_BOOL_CONVERSION = YES;
				CLANG_WARN_COMMA = YES;
				CLANG_WARN_CONSTANT_CONVERSION = YES;
				CLANG_WARN_DEPRECATED_OBJC_IMPLEMENTATIONS = YES;
				CLANG_WARN_DIRECT_OBJC_ISA_USAGE = YES_ERROR;
				CLANG_WARN_DOCUMENTATION_COMMENTS = YES;
				CLANG_WARN_EMPTY_BODY = YES;
				CLANG_WARN_ENUM_CONVERSION = YES;
				CLANG_WARN_INFINITE_RECURSION = YES;
				CLANG_WARN_INT_CONVERSION = YES;
				CLANG_WARN_NON_LITERAL_NULL_CONVERSION = YES;
				CLANG_WARN_OBJC_IMPLICIT_RETAIN_SELF = YES;
				CLANG_WARN_OBJC_LITERAL_CONVERSION = YES;
				CLANG_WARN_OBJC_ROOT_CLASS = YES_ERROR;
				CLANG_WARN_RANGE_LOOP_ANALYSIS = YES;
				CLANG_WARN_STRICT_PROTOTYPES = YES;
				CLANG_WARN_SUSPICIOUS_MOVE = YES;
				CLANG_WARN_UNGUARDED_AVAILABILITY = YES_AGGRESSIVE;
				CLANG_WARN_UNREACHABLE_CODE = YES;
				CLANG_WARN__DUPLICATE_METHOD_MATCH = YES;
				COPY_PHASE_STRIP = NO;
				DEBUG_INFORMATION_FORMAT = "dwarf-with-dsym";
				ENABLE_NS_ASSERTIONS = NO;
				ENABLE_STRICT_OBJC_MSGSEND = YES;
				GCC_C_LANGUAGE_STANDARD = gnu11;
				GCC_NO_COMMON_BLOCKS = YES;
				GCC_WARN_64_TO_32_BIT_CONVERSION = YES;
				GCC_WARN_ABOUT_RETURN_TYPE = YES_ERROR;
				GCC_WARN_UNDECLARED_SELECTOR = YES;
				GCC_WARN_UNINITIALIZED_AUTOS = YES_AGGRESSIVE;
				GCC_WARN_UNUSED_FUNCTION = YES;
				GCC_WARN_UNUSED_VARIABLE = YES;
				IPHONEOS_DEPLOYMENT_TARGET = 13.5;
				MTL_ENABLE_DEBUG_INFO = NO;
				MTL_FAST_MATH = YES;
				SDKROOT = iphoneos;
				VALIDATE_PRODUCT = YES;
			};
			name = Release;
		};
		61723F4524A53D1A00B3BA75 /* Debug */ = {
			isa = XCBuildConfiguration;
			buildSettings = {
				ASSETCATALOG_COMPILER_APPICON_NAME = AppIcon;
				CLANG_ENABLE_MODULES = YES;
				CODE_SIGN_STYLE = Automatic;
				INFOPLIST_FILE = "SWAPI-OBJC/Resources/Info.plist";
				LD_RUNPATH_SEARCH_PATHS = (
					"$(inherited)",
					"@executable_path/Frameworks",
				);
				PRODUCT_BUNDLE_IDENTIFIER = "com.hmcneil.SWAPI-OBJC";
				PRODUCT_NAME = "$(TARGET_NAME)";
				SWIFT_OBJC_BRIDGING_HEADER = "SWAPI-OBJC/Controllers/View Controllers/SWAPI-OBJC-Bridging-Header.h";
				SWIFT_OPTIMIZATION_LEVEL = "-Onone";
				SWIFT_VERSION = 5.0;
				TARGETED_DEVICE_FAMILY = "1,2";
			};
			name = Debug;
		};
		61723F4624A53D1A00B3BA75 /* Release */ = {
			isa = XCBuildConfiguration;
			buildSettings = {
				ASSETCATALOG_COMPILER_APPICON_NAME = AppIcon;
				CLANG_ENABLE_MODULES = YES;
				CODE_SIGN_STYLE = Automatic;
				INFOPLIST_FILE = "SWAPI-OBJC/Resources/Info.plist";
				LD_RUNPATH_SEARCH_PATHS = (
					"$(inherited)",
					"@executable_path/Frameworks",
				);
				PRODUCT_BUNDLE_IDENTIFIER = "com.hmcneil.SWAPI-OBJC";
				PRODUCT_NAME = "$(TARGET_NAME)";
				SWIFT_OBJC_BRIDGING_HEADER = "SWAPI-OBJC/Controllers/View Controllers/SWAPI-OBJC-Bridging-Header.h";
				SWIFT_VERSION = 5.0;
				TARGETED_DEVICE_FAMILY = "1,2";
			};
			name = Release;
		};
/* End XCBuildConfiguration section */

/* Begin XCConfigurationList section */
		61723F2624A53D1900B3BA75 /* Build configuration list for PBXProject "SWAPI-OBJC" */ = {
			isa = XCConfigurationList;
			buildConfigurations = (
				61723F4224A53D1A00B3BA75 /* Debug */,
				61723F4324A53D1A00B3BA75 /* Release */,
			);
			defaultConfigurationIsVisible = 0;
			defaultConfigurationName = Release;
		};
		61723F4424A53D1A00B3BA75 /* Build configuration list for PBXNativeTarget "SWAPI-OBJC" */ = {
			isa = XCConfigurationList;
			buildConfigurations = (
				61723F4524A53D1A00B3BA75 /* Debug */,
				61723F4624A53D1A00B3BA75 /* Release */,
			);
			defaultConfigurationIsVisible = 0;
			defaultConfigurationName = Release;
		};
/* End XCConfigurationList section */
	};
	rootObject = 61723F2324A53D1900B3BA75 /* Project object */;
}
